
Microsoft Visual Studio Solution File, Format Version 12.00
# Visual Studio Version 16
VisualStudioVersion = 16.0.31624.102
MinimumVisualStudioVersion = 10.0.40219.1
Project("{2150E333-8FDC-42A3-9474-1A3956D46DE8}") = "Services", "Services", "{BA1D2E3C-D1AF-4B6F-ADF7-DF637F11721C}"
EndProject
Project("{2150E333-8FDC-42A3-9474-1A3956D46DE8}") = "Catalog", "Catalog", "{7C8172D6-D75D-48A6-8D43-AE198F88B458}"
EndProject
Project("{9A19103F-16F7-4668-BE54-9A1E7A4F7556}") = "Catalog.API", "Services\Catalog\Catalog.API\Catalog.API.csproj", "{4F144EBD-34F0-4CA4-92F2-99C97EC0E92C}"
EndProject
Project("{E53339B2-1760-4266-BCC7-CA923CBCF16C}") = "docker-compose", "docker-compose.dcproj", "{3E847A9B-CD3F-48FB-B7BD-842D33C89128}"
EndProject
Project("{2150E333-8FDC-42A3-9474-1A3956D46DE8}") = "Basket", "Basket", "{23CFC28E-EE8C-4B25-BE1A-D780A95DEB52}"
EndProject
Project("{9A19103F-16F7-4668-BE54-9A1E7A4F7556}") = "Basket.API", "Services\Basket\Basket.API\Basket.API.csproj", "{D16DD205-47A6-49F6-8089-B39F8AF118E7}"
EndProject
Project("{2150E333-8FDC-42A3-9474-1A3956D46DE8}") = "Discount", "Discount", "{F1047226-1827-4ED5-B78D-2AD198797AF3}"
EndProject
Project("{9A19103F-16F7-4668-BE54-9A1E7A4F7556}") = "Discount.API", "Services\Discount\Discount.API\Discount.API.csproj", "{E15B6C18-4C6C-4075-816D-198DC919A09A}"
EndProject
Project("{9A19103F-16F7-4668-BE54-9A1E7A4F7556}") = "Discount.Grpc", "Services\Discount\Discount.Grpc\Discount.Grpc.csproj", "{5719EC8B-C34B-4B89-BEA8-B12FB2443968}"
EndProject
Project("{2150E333-8FDC-42A3-9474-1A3956D46DE8}") = "Ordering", "Ordering", "{1481D09A-EDA0-40E1-B66F-AF41276F0178}"
EndProject
Project("{9A19103F-16F7-4668-BE54-9A1E7A4F7556}") = "Ordering.API", "Services\Ordering\Ordering.API\Ordering.API.csproj", "{83599866-160A-45F5-BCD1-96B3302FFDF7}"
EndProject
Project("{9A19103F-16F7-4668-BE54-9A1E7A4F7556}") = "Ordering.Domain", "Services\Ordering\Ordering.Domain\Ordering.Domain.csproj", "{49D7ED05-2250-4622-A0AC-EDC813EAF6FB}"
EndProject
Project("{9A19103F-16F7-4668-BE54-9A1E7A4F7556}") = "Ordering.Application", "Services\Ordering\Ordering.Application\Ordering.Application.csproj", "{496E7A55-2615-4138-A756-2452CB41911E}"
EndProject
Project("{9A19103F-16F7-4668-BE54-9A1E7A4F7556}") = "Ordering.Infrastructure", "Services\Ordering\Ordering.Infrastructure\Ordering.Infrastructure.csproj", "{A84CE70F-CFDE-4130-AAA5-36A2EAD5A7C0}"
EndProject
Project("{2150E333-8FDC-42A3-9474-1A3956D46DE8}") = "BuildingBlocks", "BuildingBlocks", "{94C53CDD-3E43-4327-A391-030C1C941FBD}"
EndProject
Project("{9A19103F-16F7-4668-BE54-9A1E7A4F7556}") = "EventBus.Messages", "BuildingBlocks\EventBus.Messages\EventBus.Messages.csproj", "{0B726842-FB1B-4133-9E4D-96BAB9014DC0}"
EndProject
Project("{2150E333-8FDC-42A3-9474-1A3956D46DE8}") = "ApiGateways", "ApiGateways", "{56E42808-1F58-4CA5-889D-0F60C919F597}"
EndProject
Project("{9A19103F-16F7-4668-BE54-9A1E7A4F7556}") = "OcelotApiGw", "ApiGateways\OcelotApiGw\OcelotApiGw.csproj", "{A5956A05-1591-4BFD-A287-ABC2E77B780F}"
EndProject
Project("{9A19103F-16F7-4668-BE54-9A1E7A4F7556}") = "Shopping.Aggregator", "ApiGateways\Shopping.Aggregator\Shopping.Aggregator.csproj", "{E2987554-C676-4442-A2C2-26459C797E03}"
EndProject
Project("{2150E333-8FDC-42A3-9474-1A3956D46DE8}") = "WebApps", "WebApps", "{F8DBEC50-03AC-43AB-8898-A7DE84A4710E}"
EndProject
Project("{9A19103F-16F7-4668-BE54-9A1E7A4F7556}") = "AspnetRunBasics", "WebApps\AspnetRunBasics\AspnetRunBasics.csproj", "{8A37BB35-F7F6-4818-BB2E-6474A0D3AC5D}"
EndProject
Project("{9A19103F-16F7-4668-BE54-9A1E7A4F7556}") = "WebStatus", "WebApps\WebStatus\WebStatus.csproj", "{7BA48C59-4D62-426E-9744-33CE13A29F34}"
EndProject
Project("{9A19103F-16F7-4668-BE54-9A1E7A4F7556}") = "Common.Logging", "BuildingBlocks\Common.Logging\Common.Logging.csproj", "{2D70393D-1D35-4638-A7C7-F2AA710DCF0C}"
EndProject
Project("{2150E333-8FDC-42A3-9474-1A3956D46DE8}") = "Movie", "Movie", "{E9442E27-2B8D-4E91-9A46-A5B04E9B29B1}"
EndProject
Project("{9A19103F-16F7-4668-BE54-9A1E7A4F7556}") = "Movies.API", "Services\Movie\Movies.API\Movies.API.csproj", "{770613F7-DBC5-48F4-B33A-EEEAEBDD7933}"
EndProject
Project("{2150E333-8FDC-42A3-9474-1A3956D46DE8}") = "Identity", "Identity", "{47C0E6E1-D7FF-46FF-B60A-85F614CD2832}"
EndProject
Project("{FAE04EC0-301F-11D3-BF4B-00C04F79EFBC}") = "IdentityServer", "Services\Identity\IdentityServer\IdentityServer.csproj", "{10AD64AD-BF9A-4A88-960D-5980008009D4}"
EndProject
Project("{FAE04EC0-301F-11D3-BF4B-00C04F79EFBC}") = "Movies.Client", "WebApps\Movies.Client\Movies.Client.csproj", "{5C991F58-55B1-4E38-B841-F50D8D29F36C}"
EndProject
Global
	GlobalSection(SolutionConfigurationPlatforms) = preSolution
		Debug|Any CPU = Debug|Any CPU
		Release|Any CPU = Release|Any CPU
	EndGlobalSection
	GlobalSection(ProjectConfigurationPlatforms) = postSolution
		{4F144EBD-34F0-4CA4-92F2-99C97EC0E92C}.Debug|Any CPU.ActiveCfg = Debug|Any CPU
		{4F144EBD-34F0-4CA4-92F2-99C97EC0E92C}.Debug|Any CPU.Build.0 = Debug|Any CPU
		{4F144EBD-34F0-4CA4-92F2-99C97EC0E92C}.Release|Any CPU.ActiveCfg = Release|Any CPU
		{4F144EBD-34F0-4CA4-92F2-99C97EC0E92C}.Release|Any CPU.Build.0 = Release|Any CPU
		{3E847A9B-CD3F-48FB-B7BD-842D33C89128}.Debug|Any CPU.ActiveCfg = Debug|Any CPU
		{3E847A9B-CD3F-48FB-B7BD-842D33C89128}.Debug|Any CPU.Build.0 = Debug|Any CPU
		{3E847A9B-CD3F-48FB-B7BD-842D33C89128}.Release|Any CPU.ActiveCfg = Release|Any CPU
		{3E847A9B-CD3F-48FB-B7BD-842D33C89128}.Release|Any CPU.Build.0 = Release|Any CPU
		{D16DD205-47A6-49F6-8089-B39F8AF118E7}.Debug|Any CPU.ActiveCfg = Debug|Any CPU
		{D16DD205-47A6-49F6-8089-B39F8AF118E7}.Debug|Any CPU.Build.0 = Debug|Any CPU
		{D16DD205-47A6-49F6-8089-B39F8AF118E7}.Release|Any CPU.ActiveCfg = Release|Any CPU
		{D16DD205-47A6-49F6-8089-B39F8AF118E7}.Release|Any CPU.Build.0 = Release|Any CPU
		{E15B6C18-4C6C-4075-816D-198DC919A09A}.Debug|Any CPU.ActiveCfg = Debug|Any CPU
		{E15B6C18-4C6C-4075-816D-198DC919A09A}.Debug|Any CPU.Build.0 = Debug|Any CPU
		{E15B6C18-4C6C-4075-816D-198DC919A09A}.Release|Any CPU.ActiveCfg = Release|Any CPU
		{E15B6C18-4C6C-4075-816D-198DC919A09A}.Release|Any CPU.Build.0 = Release|Any CPU
		{5719EC8B-C34B-4B89-BEA8-B12FB2443968}.Debug|Any CPU.ActiveCfg = Debug|Any CPU
		{5719EC8B-C34B-4B89-BEA8-B12FB2443968}.Debug|Any CPU.Build.0 = Debug|Any CPU
		{5719EC8B-C34B-4B89-BEA8-B12FB2443968}.Release|Any CPU.ActiveCfg = Release|Any CPU
		{5719EC8B-C34B-4B89-BEA8-B12FB2443968}.Release|Any CPU.Build.0 = Release|Any CPU
		{83599866-160A-45F5-BCD1-96B3302FFDF7}.Debug|Any CPU.ActiveCfg = Debug|Any CPU
		{83599866-160A-45F5-BCD1-96B3302FFDF7}.Debug|Any CPU.Build.0 = Debug|Any CPU
		{83599866-160A-45F5-BCD1-96B3302FFDF7}.Release|Any CPU.ActiveCfg = Release|Any CPU
		{83599866-160A-45F5-BCD1-96B3302FFDF7}.Release|Any CPU.Build.0 = Release|Any CPU
		{49D7ED05-2250-4622-A0AC-EDC813EAF6FB}.Debug|Any CPU.ActiveCfg = Debug|Any CPU
		{49D7ED05-2250-4622-A0AC-EDC813EAF6FB}.Debug|Any CPU.Build.0 = Debug|Any CPU
		{49D7ED05-2250-4622-A0AC-EDC813EAF6FB}.Release|Any CPU.ActiveCfg = Release|Any CPU
		{49D7ED05-2250-4622-A0AC-EDC813EAF6FB}.Release|Any CPU.Build.0 = Release|Any CPU
		{496E7A55-2615-4138-A756-2452CB41911E}.Debug|Any CPU.ActiveCfg = Debug|Any CPU
		{496E7A55-2615-4138-A756-2452CB41911E}.Debug|Any CPU.Build.0 = Debug|Any CPU
		{496E7A55-2615-4138-A756-2452CB41911E}.Release|Any CPU.ActiveCfg = Release|Any CPU
		{496E7A55-2615-4138-A756-2452CB41911E}.Release|Any CPU.Build.0 = Release|Any CPU
		{A84CE70F-CFDE-4130-AAA5-36A2EAD5A7C0}.Debug|Any CPU.ActiveCfg = Debug|Any CPU
		{A84CE70F-CFDE-4130-AAA5-36A2EAD5A7C0}.Debug|Any CPU.Build.0 = Debug|Any CPU
		{A84CE70F-CFDE-4130-AAA5-36A2EAD5A7C0}.Release|Any CPU.ActiveCfg = Release|Any CPU
		{A84CE70F-CFDE-4130-AAA5-36A2EAD5A7C0}.Release|Any CPU.Build.0 = Release|Any CPU
		{0B726842-FB1B-4133-9E4D-96BAB9014DC0}.Debug|Any CPU.ActiveCfg = Debug|Any CPU
		{0B726842-FB1B-4133-9E4D-96BAB9014DC0}.Debug|Any CPU.Build.0 = Debug|Any CPU
		{0B726842-FB1B-4133-9E4D-96BAB9014DC0}.Release|Any CPU.ActiveCfg = Release|Any CPU
		{0B726842-FB1B-4133-9E4D-96BAB9014DC0}.Release|Any CPU.Build.0 = Release|Any CPU
		{A5956A05-1591-4BFD-A287-ABC2E77B780F}.Debug|Any CPU.ActiveCfg = Debug|Any CPU
		{A5956A05-1591-4BFD-A287-ABC2E77B780F}.Debug|Any CPU.Build.0 = Debug|Any CPU
		{A5956A05-1591-4BFD-A287-ABC2E77B780F}.Release|Any CPU.ActiveCfg = Release|Any CPU
		{A5956A05-1591-4BFD-A287-ABC2E77B780F}.Release|Any CPU.Build.0 = Release|Any CPU
		{E2987554-C676-4442-A2C2-26459C797E03}.Debug|Any CPU.ActiveCfg = Debug|Any CPU
		{E2987554-C676-4442-A2C2-26459C797E03}.Debug|Any CPU.Build.0 = Debug|Any CPU
		{E2987554-C676-4442-A2C2-26459C797E03}.Release|Any CPU.ActiveCfg = Release|Any CPU
		{E2987554-C676-4442-A2C2-26459C797E03}.Release|Any CPU.Build.0 = Release|Any CPU
		{8A37BB35-F7F6-4818-BB2E-6474A0D3AC5D}.Debug|Any CPU.ActiveCfg = Debug|Any CPU
		{8A37BB35-F7F6-4818-BB2E-6474A0D3AC5D}.Debug|Any CPU.Build.0 = Debug|Any CPU
		{8A37BB35-F7F6-4818-BB2E-6474A0D3AC5D}.Release|Any CPU.ActiveCfg = Release|Any CPU
		{8A37BB35-F7F6-4818-BB2E-6474A0D3AC5D}.Release|Any CPU.Build.0 = Release|Any CPU
		{7BA48C59-4D62-426E-9744-33CE13A29F34}.Debug|Any CPU.ActiveCfg = Debug|Any CPU
		{7BA48C59-4D62-426E-9744-33CE13A29F34}.Debug|Any CPU.Build.0 = Debug|Any CPU
		{7BA48C59-4D62-426E-9744-33CE13A29F34}.Release|Any CPU.ActiveCfg = Release|Any CPU
		{7BA48C59-4D62-426E-9744-33CE13A29F34}.Release|Any CPU.Build.0 = Release|Any CPU
		{2D70393D-1D35-4638-A7C7-F2AA710DCF0C}.Debug|Any CPU.ActiveCfg = Debug|Any CPU
		{2D70393D-1D35-4638-A7C7-F2AA710DCF0C}.Debug|Any CPU.Build.0 = Debug|Any CPU
		{2D70393D-1D35-4638-A7C7-F2AA710DCF0C}.Release|Any CPU.ActiveCfg = Release|Any CPU
		{2D70393D-1D35-4638-A7C7-F2AA710DCF0C}.Release|Any CPU.Build.0 = Release|Any CPU
		{770613F7-DBC5-48F4-B33A-EEEAEBDD7933}.Debug|Any CPU.ActiveCfg = Debug|Any CPU
		{770613F7-DBC5-48F4-B33A-EEEAEBDD7933}.Debug|Any CPU.Build.0 = Debug|Any CPU
		{770613F7-DBC5-48F4-B33A-EEEAEBDD7933}.Release|Any CPU.ActiveCfg = Release|Any CPU
		{770613F7-DBC5-48F4-B33A-EEEAEBDD7933}.Release|Any CPU.Build.0 = Release|Any CPU
		{10AD64AD-BF9A-4A88-960D-5980008009D4}.Debug|Any CPU.ActiveCfg = Debug|Any CPU
		{10AD64AD-BF9A-4A88-960D-5980008009D4}.Debug|Any CPU.Build.0 = Debug|Any CPU
		{10AD64AD-BF9A-4A88-960D-5980008009D4}.Release|Any CPU.ActiveCfg = Release|Any CPU
		{10AD64AD-BF9A-4A88-960D-5980008009D4}.Release|Any CPU.Build.0 = Release|Any CPU
		{5C991F58-55B1-4E38-B841-F50D8D29F36C}.Debug|Any CPU.ActiveCfg = Debug|Any CPU
		{5C991F58-55B1-4E38-B841-F50D8D29F36C}.Debug|Any CPU.Build.0 = Debug|Any CPU
		{5C991F58-55B1-4E38-B841-F50D8D29F36C}.Release|Any CPU.ActiveCfg = Release|Any CPU
		{5C991F58-55B1-4E38-B841-F50D8D29F36C}.Release|Any CPU.Build.0 = Release|Any CPU
	EndGlobalSection
	GlobalSection(SolutionProperties) = preSolution
		HideSolutionNode = FALSE
	EndGlobalSection
	GlobalSection(NestedProjects) = preSolution
		{7C8172D6-D75D-48A6-8D43-AE198F88B458} = {BA1D2E3C-D1AF-4B6F-ADF7-DF637F11721C}
		{4F144EBD-34F0-4CA4-92F2-99C97EC0E92C} = {7C8172D6-D75D-48A6-8D43-AE198F88B458}
		{23CFC28E-EE8C-4B25-BE1A-D780A95DEB52} = {BA1D2E3C-D1AF-4B6F-ADF7-DF637F11721C}
		{D16DD205-47A6-49F6-8089-B39F8AF118E7} = {23CFC28E-EE8C-4B25-BE1A-D780A95DEB52}
		{F1047226-1827-4ED5-B78D-2AD198797AF3} = {BA1D2E3C-D1AF-4B6F-ADF7-DF637F11721C}
		{E15B6C18-4C6C-4075-816D-198DC919A09A} = {F1047226-1827-4ED5-B78D-2AD198797AF3}
		{5719EC8B-C34B-4B89-BEA8-B12FB2443968} = {F1047226-1827-4ED5-B78D-2AD198797AF3}
		{1481D09A-EDA0-40E1-B66F-AF41276F0178} = {BA1D2E3C-D1AF-4B6F-ADF7-DF637F11721C}
		{83599866-160A-45F5-BCD1-96B3302FFDF7} = {1481D09A-EDA0-40E1-B66F-AF41276F0178}
		{49D7ED05-2250-4622-A0AC-EDC813EAF6FB} = {1481D09A-EDA0-40E1-B66F-AF41276F0178}
		{496E7A55-2615-4138-A756-2452CB41911E} = {1481D09A-EDA0-40E1-B66F-AF41276F0178}
		{A84CE70F-CFDE-4130-AAA5-36A2EAD5A7C0} = {1481D09A-EDA0-40E1-B66F-AF41276F0178}
		{0B726842-FB1B-4133-9E4D-96BAB9014DC0} = {94C53CDD-3E43-4327-A391-030C1C941FBD}
		{A5956A05-1591-4BFD-A287-ABC2E77B780F} = {56E42808-1F58-4CA5-889D-0F60C919F597}
		{E2987554-C676-4442-A2C2-26459C797E03} = {56E42808-1F58-4CA5-889D-0F60C919F597}
		{8A37BB35-F7F6-4818-BB2E-6474A0D3AC5D} = {F8DBEC50-03AC-43AB-8898-A7DE84A4710E}
		{7BA48C59-4D62-426E-9744-33CE13A29F34} = {F8DBEC50-03AC-43AB-8898-A7DE84A4710E}
		{2D70393D-1D35-4638-A7C7-F2AA710DCF0C} = {94C53CDD-3E43-4327-A391-030C1C941FBD}
		{E9442E27-2B8D-4E91-9A46-A5B04E9B29B1} = {BA1D2E3C-D1AF-4B6F-ADF7-DF637F11721C}
		{770613F7-DBC5-48F4-B33A-EEEAEBDD7933} = {E9442E27-2B8D-4E91-9A46-A5B04E9B29B1}
		{47C0E6E1-D7FF-46FF-B60A-85F614CD2832} = {BA1D2E3C-D1AF-4B6F-ADF7-DF637F11721C}
		{10AD64AD-BF9A-4A88-960D-5980008009D4} = {47C0E6E1-D7FF-46FF-B60A-85F614CD2832}
		{5C991F58-55B1-4E38-B841-F50D8D29F36C} = {F8DBEC50-03AC-43AB-8898-A7DE84A4710E}
	EndGlobalSection
	GlobalSection(ExtensibilityGlobals) = postSolution
		SolutionGuid = {472E4D81-6606-4F69-9F74-0BD9C094B086}
	EndGlobalSection
EndGlobal
